
Microsoft Visual Studio Solution File, Format Version 12.00
# Visual Studio Version 17
VisualStudioVersion = 17.12.35527.113
MinimumVisualStudioVersion = 10.0.40219.1
Project("{FAE04EC0-301F-11D3-BF4B-00C04F79EFBC}") = "ConsoleApp5", "ConsoleApp5\ConsoleApp5.csproj", "{FE604962-41B8-4989-A07C-E66638BBF6C0}"
EndProject
Project("{FAE04EC0-301F-11D3-BF4B-00C04F79EFBC}") = "TestProject1", "TestProject1\TestProject1.csproj", "{ABEF9CED-4054-4887-869C-DC95B259CC80}"
EndProject
Global
	GlobalSection(SolutionConfigurationPlatforms) = preSolution
		Debug|Any CPU = Debug|Any CPU
		Release|Any CPU = Release|Any CPU
	EndGlobalSection
	GlobalSection(ProjectConfigurationPlatforms) = postSolution
		{FE604962-41B8-4989-A07C-E66638BBF6C0}.Debug|Any CPU.ActiveCfg = Debug|Any CPU
		{FE604962-41B8-4989-A07C-E66638BBF6C0}.Debug|Any CPU.Build.0 = Debug|Any CPU
		{FE604962-41B8-4989-A07C-E66638BBF6C0}.Release|Any CPU.ActiveCfg = Release|Any CPU
		{FE604962-41B8-4989-A07C-E66638BBF6C0}.Release|Any CPU.Build.0 = Release|Any CPU
		{ABEF9CED-4054-4887-869C-DC95B259CC80}.Debug|Any CPU.ActiveCfg = Debug|Any CPU
		{ABEF9CED-4054-4887-869C-DC95B259CC80}.Debug|Any CPU.Build.0 = Debug|Any CPU
		{ABEF9CED-4054-4887-869C-DC95B259CC80}.Release|Any CPU.ActiveCfg = Release|Any CPU
		{ABEF9CED-4054-4887-869C-DC95B259CC80}.Release|Any CPU.Build.0 = Release|Any CPU
	EndGlobalSection
	GlobalSection(SolutionProperties) = preSolution
		HideSolutionNode = FALSE
	EndGlobalSection
EndGlobal
